
Microsoft Visual Studio Solution File, Format Version 12.00
# Visual Studio 2013
VisualStudioVersion = 12.0.30723.0
MinimumVisualStudioVersion = 10.0.40219.1
Project("{FAE04EC0-301F-11D3-BF4B-00C04F79EFBC}") = "SensorCoreDemo", "SensorCoreDemo\SensorCoreDemo.csproj", "{A060E44F-CE34-4A2E-8C53-6B9F4141C71B}"
EndProject
Project("{FAE04EC0-301F-11D3-BF4B-00C04F79EFBC}") = "SensorCoreWeb", "SensorCoreWeb\SensorCoreWeb.csproj", "{56450BC7-3B0A-4949-A03B-33DE63C34CC1}"
EndProject
Global
	GlobalSection(SolutionConfigurationPlatforms) = preSolution
		Debug|Any CPU = Debug|Any CPU
		Debug|ARM = Debug|ARM
		Debug|Mixed Platforms = Debug|Mixed Platforms
		Debug|x86 = Debug|x86
		Release|Any CPU = Release|Any CPU
		Release|ARM = Release|ARM
		Release|Mixed Platforms = Release|Mixed Platforms
		Release|x86 = Release|x86
	EndGlobalSection
	GlobalSection(ProjectConfigurationPlatforms) = postSolution
		{A060E44F-CE34-4A2E-8C53-6B9F4141C71B}.Debug|Any CPU.ActiveCfg = Debug|Any CPU
		{A060E44F-CE34-4A2E-8C53-6B9F4141C71B}.Debug|Any CPU.Build.0 = Debug|Any CPU
		{A060E44F-CE34-4A2E-8C53-6B9F4141C71B}.Debug|Any CPU.Deploy.0 = Debug|Any CPU
		{A060E44F-CE34-4A2E-8C53-6B9F4141C71B}.Debug|ARM.ActiveCfg = Debug|ARM
		{A060E44F-CE34-4A2E-8C53-6B9F4141C71B}.Debug|ARM.Build.0 = Debug|ARM
		{A060E44F-CE34-4A2E-8C53-6B9F4141C71B}.Debug|ARM.Deploy.0 = Debug|ARM
		{A060E44F-CE34-4A2E-8C53-6B9F4141C71B}.Debug|Mixed Platforms.ActiveCfg = Debug|x86
		{A060E44F-CE34-4A2E-8C53-6B9F4141C71B}.Debug|Mixed Platforms.Build.0 = Debug|x86
		{A060E44F-CE34-4A2E-8C53-6B9F4141C71B}.Debug|Mixed Platforms.Deploy.0 = Debug|x86
		{A060E44F-CE34-4A2E-8C53-6B9F4141C71B}.Debug|x86.ActiveCfg = Debug|x86
		{A060E44F-CE34-4A2E-8C53-6B9F4141C71B}.Debug|x86.Build.0 = Debug|x86
		{A060E44F-CE34-4A2E-8C53-6B9F4141C71B}.Debug|x86.Deploy.0 = Debug|x86
		{A060E44F-CE34-4A2E-8C53-6B9F4141C71B}.Release|Any CPU.ActiveCfg = Release|Any CPU
		{A060E44F-CE34-4A2E-8C53-6B9F4141C71B}.Release|Any CPU.Build.0 = Release|Any CPU
		{A060E44F-CE34-4A2E-8C53-6B9F4141C71B}.Release|Any CPU.Deploy.0 = Release|Any CPU
		{A060E44F-CE34-4A2E-8C53-6B9F4141C71B}.Release|ARM.ActiveCfg = Release|ARM
		{A060E44F-CE34-4A2E-8C53-6B9F4141C71B}.Release|ARM.Build.0 = Release|ARM
		{A060E44F-CE34-4A2E-8C53-6B9F4141C71B}.Release|ARM.Deploy.0 = Release|ARM
		{A060E44F-CE34-4A2E-8C53-6B9F4141C71B}.Release|Mixed Platforms.ActiveCfg = Release|x86
		{A060E44F-CE34-4A2E-8C53-6B9F4141C71B}.Release|Mixed Platforms.Build.0 = Release|x86
		{A060E44F-CE34-4A2E-8C53-6B9F4141C71B}.Release|Mixed Platforms.Deploy.0 = Release|x86
		{A060E44F-CE34-4A2E-8C53-6B9F4141C71B}.Release|x86.ActiveCfg = Release|x86
		{A060E44F-CE34-4A2E-8C53-6B9F4141C71B}.Release|x86.Build.0 = Release|x86
		{A060E44F-CE34-4A2E-8C53-6B9F4141C71B}.Release|x86.Deploy.0 = Release|x86
		{56450BC7-3B0A-4949-A03B-33DE63C34CC1}.Debug|Any CPU.ActiveCfg = Debug|Any CPU
		{56450BC7-3B0A-4949-A03B-33DE63C34CC1}.Debug|Any CPU.Build.0 = Debug|Any CPU
		{56450BC7-3B0A-4949-A03B-33DE63C34CC1}.Debug|ARM.ActiveCfg = Debug|Any CPU
		{56450BC7-3B0A-4949-A03B-33DE63C34CC1}.Debug|Mixed Platforms.ActiveCfg = Debug|Any CPU
		{56450BC7-3B0A-4949-A03B-33DE63C34CC1}.Debug|Mixed Platforms.Build.0 = Debug|Any CPU
		{56450BC7-3B0A-4949-A03B-33DE63C34CC1}.Debug|x86.ActiveCfg = Debug|Any CPU
		{56450BC7-3B0A-4949-A03B-33DE63C34CC1}.Release|Any CPU.ActiveCfg = Release|Any CPU
		{56450BC7-3B0A-4949-A03B-33DE63C34CC1}.Release|Any CPU.Build.0 = Release|Any CPU
		{56450BC7-3B0A-4949-A03B-33DE63C34CC1}.Release|ARM.ActiveCfg = Release|Any CPU
		{56450BC7-3B0A-4949-A03B-33DE63C34CC1}.Release|Mixed Platforms.ActiveCfg = Release|Any CPU
		{56450BC7-3B0A-4949-A03B-33DE63C34CC1}.Release|Mixed Platforms.Build.0 = Release|Any CPU
		{56450BC7-3B0A-4949-A03B-33DE63C34CC1}.Release|x86.ActiveCfg = Release|Any CPU
	EndGlobalSection
	GlobalSection(SolutionProperties) = preSolution
		HideSolutionNode = FALSE
	EndGlobalSection
EndGlobal
